
Microsoft Visual Studio Solution File, Format Version 12.00
# Visual Studio Version 16
VisualStudioVersion = 16.0.30223.230
MinimumVisualStudioVersion = 10.0.40219.1
Project("{8BC9CEB8-8B4A-11D0-8D11-00A0C91BC942}") = "ACloserLookSSE", "ACloserLookSSE.vcxproj", "{F724695F-B3AE-40B3-8CCC-E6E2B1C96B63}"
EndProject
Project("{8BC9CEB8-8B4A-11D0-8D11-00A0C91BC942}") = "CommonLibSSE", "%CommonLibSSEPath%\CommonLibSSE.vcxproj", "{3E4B6EF3-EC6E-46CF-9003-EEB57A258B82}"
EndProject
Global
	GlobalSection(SolutionConfigurationPlatforms) = preSolution
		Debug|x64 = Debug|x64
		Debug|x86 = Debug|x86
		Release|x64 = Release|x64
		Release|x86 = Release|x86
	EndGlobalSection
	GlobalSection(ProjectConfigurationPlatforms) = postSolution
		{F724695F-B3AE-40B3-8CCC-E6E2B1C96B63}.Debug|x64.ActiveCfg = Debug|x64
		{F724695F-B3AE-40B3-8CCC-E6E2B1C96B63}.Debug|x64.Build.0 = Debug|x64
		{F724695F-B3AE-40B3-8CCC-E6E2B1C96B63}.Debug|x86.ActiveCfg = Debug|Win32
		{F724695F-B3AE-40B3-8CCC-E6E2B1C96B63}.Debug|x86.Build.0 = Debug|Win32
		{F724695F-B3AE-40B3-8CCC-E6E2B1C96B63}.Release|x64.ActiveCfg = Release|x64
		{F724695F-B3AE-40B3-8CCC-E6E2B1C96B63}.Release|x64.Build.0 = Release|x64
		{F724695F-B3AE-40B3-8CCC-E6E2B1C96B63}.Release|x86.ActiveCfg = Release|Win32
		{F724695F-B3AE-40B3-8CCC-E6E2B1C96B63}.Release|x86.Build.0 = Release|Win32
		{3E4B6EF3-EC6E-46CF-9003-EEB57A258B82}.Debug|x64.ActiveCfg = Debug|x64
		{3E4B6EF3-EC6E-46CF-9003-EEB57A258B82}.Debug|x64.Build.0 = Debug|x64
		{3E4B6EF3-EC6E-46CF-9003-EEB57A258B82}.Debug|x86.ActiveCfg = Debug|Win32
		{3E4B6EF3-EC6E-46CF-9003-EEB57A258B82}.Debug|x86.Build.0 = Debug|Win32
		{3E4B6EF3-EC6E-46CF-9003-EEB57A258B82}.Release|x64.ActiveCfg = Release|x64
		{3E4B6EF3-EC6E-46CF-9003-EEB57A258B82}.Release|x64.Build.0 = Release|x64
		{3E4B6EF3-EC6E-46CF-9003-EEB57A258B82}.Release|x86.ActiveCfg = Release|Win32
		{3E4B6EF3-EC6E-46CF-9003-EEB57A258B82}.Release|x86.Build.0 = Release|Win32
	EndGlobalSection
	GlobalSection(SolutionProperties) = preSolution
		HideSolutionNode = FALSE
	EndGlobalSection
	GlobalSection(ExtensibilityGlobals) = postSolution
		SolutionGuid = {9D41A4F6-A046-4845-B14A-B4E962C33E9A}
	EndGlobalSection
EndGlobal
